
Microsoft Visual Studio Solution File, Format Version 12.00
# Visual Studio Version 17
VisualStudioVersion = 17.10.34928.147
MinimumVisualStudioVersion = 10.0.40219.1
Project("{9A19103F-16F7-4668-BE54-9A1E7A4F7556}") = "ElasticsearchFulltextExample.Api", "src\ElasticsearchFulltextExample.Api\ElasticsearchFulltextExample.Api.csproj", "{F2632FB9-21F8-47DA-B04E-3FC39CE514AC}"
EndProject
Project("{9A19103F-16F7-4668-BE54-9A1E7A4F7556}") = "ElasticsearchFulltextExample.Shared", "src\ElasticsearchFulltextExample.Shared\ElasticsearchFulltextExample.Shared.csproj", "{291FDB9B-B93F-4964-BF4D-7B46928DA4BE}"
EndProject
Project("{9A19103F-16F7-4668-BE54-9A1E7A4F7556}") = "ElasticsearchFulltextExample.Web.Client", "src\ElasticsearchFulltextExample.Web.Client\ElasticsearchFulltextExample.Web.Client.csproj", "{757702B0-EE3C-4919-8AC4-9A919816EEED}"
EndProject
Project("{9A19103F-16F7-4668-BE54-9A1E7A4F7556}") = "ElasticsearchFulltextExample.Web.Server.csproj", "src\ElasticsearchFulltextExample.Web.Server\ElasticsearchFulltextExample.Web.Server.csproj.csproj", "{6B2BD10F-DF9B-412D-9B06-B98ABDDE5BD8}"
EndProject
Project("{9A19103F-16F7-4668-BE54-9A1E7A4F7556}") = "ElasticsearchFulltextExample.Database", "src\ElasticsearchFulltextExample.Database\ElasticsearchFulltextExample.Database.csproj", "{5F9FA1DA-A186-4495-8BE0-972EA624F53A}"
EndProject
Global
	GlobalSection(SolutionConfigurationPlatforms) = preSolution
		Debug|Any CPU = Debug|Any CPU
		Release|Any CPU = Release|Any CPU
	EndGlobalSection
	GlobalSection(ProjectConfigurationPlatforms) = postSolution
		{F2632FB9-21F8-47DA-B04E-3FC39CE514AC}.Debug|Any CPU.ActiveCfg = Debug|Any CPU
		{F2632FB9-21F8-47DA-B04E-3FC39CE514AC}.Debug|Any CPU.Build.0 = Debug|Any CPU
		{F2632FB9-21F8-47DA-B04E-3FC39CE514AC}.Release|Any CPU.ActiveCfg = Release|Any CPU
		{F2632FB9-21F8-47DA-B04E-3FC39CE514AC}.Release|Any CPU.Build.0 = Release|Any CPU
		{291FDB9B-B93F-4964-BF4D-7B46928DA4BE}.Debug|Any CPU.ActiveCfg = Debug|Any CPU
		{291FDB9B-B93F-4964-BF4D-7B46928DA4BE}.Debug|Any CPU.Build.0 = Debug|Any CPU
		{291FDB9B-B93F-4964-BF4D-7B46928DA4BE}.Release|Any CPU.ActiveCfg = Release|Any CPU
		{291FDB9B-B93F-4964-BF4D-7B46928DA4BE}.Release|Any CPU.Build.0 = Release|Any CPU
		{757702B0-EE3C-4919-8AC4-9A919816EEED}.Debug|Any CPU.ActiveCfg = Debug|Any CPU
		{757702B0-EE3C-4919-8AC4-9A919816EEED}.Debug|Any CPU.Build.0 = Debug|Any CPU
		{757702B0-EE3C-4919-8AC4-9A919816EEED}.Release|Any CPU.ActiveCfg = Release|Any CPU
		{757702B0-EE3C-4919-8AC4-9A919816EEED}.Release|Any CPU.Build.0 = Release|Any CPU
		{6B2BD10F-DF9B-412D-9B06-B98ABDDE5BD8}.Debug|Any CPU.ActiveCfg = Debug|Any CPU
		{6B2BD10F-DF9B-412D-9B06-B98ABDDE5BD8}.Debug|Any CPU.Build.0 = Debug|Any CPU
		{6B2BD10F-DF9B-412D-9B06-B98ABDDE5BD8}.Release|Any CPU.ActiveCfg = Release|Any CPU
		{6B2BD10F-DF9B-412D-9B06-B98ABDDE5BD8}.Release|Any CPU.Build.0 = Release|Any CPU
		{5F9FA1DA-A186-4495-8BE0-972EA624F53A}.Debug|Any CPU.ActiveCfg = Debug|Any CPU
		{5F9FA1DA-A186-4495-8BE0-972EA624F53A}.Debug|Any CPU.Build.0 = Debug|Any CPU
		{5F9FA1DA-A186-4495-8BE0-972EA624F53A}.Release|Any CPU.ActiveCfg = Release|Any CPU
		{5F9FA1DA-A186-4495-8BE0-972EA624F53A}.Release|Any CPU.Build.0 = Release|Any CPU
	EndGlobalSection
	GlobalSection(SolutionProperties) = preSolution
		HideSolutionNode = FALSE
	EndGlobalSection
	GlobalSection(ExtensibilityGlobals) = postSolution
		SolutionGuid = {85104025-333E-4C05-8CC8-5DD6BB619F0E}
	EndGlobalSection
EndGlobal
